github.com/gkampitakis/ciinfo v0.1.2 h1:WDBxRT0aef4a2v+no0a15g0Lwpp2xnDj0spl1LmwyCQ=
github.com/gkampitakis/ciinfo v0.1.2/go.mod h1:bVaOGziPqf8PoeYZxatq1HmCsJUmv191hLnFboYxd9Y=
github.com/opa-oz/hikaku v1.0.0 h1:j+y8rT2BYgsWVxZTtjast4WIlFEeLfaE0r5zdYzKAFU=
github.com/opa-oz/hikaku v1.0.0/go.mod h1:FfQ3FPlFrQNuUR1YaWbHeozoG22lVYKg3cufx4DmhaI=
